
Microsoft Visual Studio Solution File, Format Version 12.00
Project("{FAE04EC0-301F-11D3-BF4B-00C04F79EFBC}") = "GearHubDesktop", "GearHubDesktop\GearHubDesktop.csproj", "{6C9BAB37-3327-4479-BF5D-1B7A92C85DEB}"
EndProject
Global
	GlobalSection(SolutionConfigurationPlatforms) = preSolution
		Debug|Any CPU = Debug|Any CPU
		Release|Any CPU = Release|Any CPU
	EndGlobalSection
	GlobalSection(ProjectConfigurationPlatforms) = postSolution
		{6C9BAB37-3327-4479-BF5D-1B7A92C85DEB}.Debug|Any CPU.ActiveCfg = Debug|Any CPU
		{6C9BAB37-3327-4479-BF5D-1B7A92C85DEB}.Debug|Any CPU.Build.0 = Debug|Any CPU
		{6C9BAB37-3327-4479-BF5D-1B7A92C85DEB}.Release|Any CPU.ActiveCfg = Release|Any CPU
		{6C9BAB37-3327-4479-BF5D-1B7A92C85DEB}.Release|Any CPU.Build.0 = Release|Any CPU
	EndGlobalSection
EndGlobal
